// !$*UTF8*$!
{
	archiveVersion = 1;
	classes = {
	};
	objectVersion = 46;
	objects = {

/* Begin PBXBuildFile section */
		1BD244BC1AC1ADCD00ED0449 /* main.m in Sources */ = {isa = PBXBuildFile; fileRef = 1BD244BB1AC1ADCD00ED0449 /* main.m */; };
		1BD244BF1AC1ADCD00ED0449 /* AppDelegate.m in Sources */ = {isa = PBXBuildFile; fileRef = 1BD244BE1AC1ADCD00ED0449 /* AppDelegate.m */; };
		1BD244C11AC1ADCD00ED0449 /* Images.xcassets in Resources */ = {isa = PBXBuildFile; fileRef = 1BD244C01AC1ADCD00ED0449 /* Images.xcassets */; };
		1BD244C41AC1ADCD00ED0449 /* LaunchScreen.xib in Resources */ = {isa = PBXBuildFile; fileRef = 1BD244C21AC1ADCD00ED0449 /* LaunchScreen.xib */; };
		1BD244D01AC1ADCD00ED0449 /* CadastroUsuarioTests.m in Sources */ = {isa = PBXBuildFile; fileRef = 1BD244CF1AC1ADCD00ED0449 /* CadastroUsuarioTests.m */; };
		1BD244DC1AC1ADFB00ED0449 /* CadastroViewController.m in Sources */ = {isa = PBXBuildFile; fileRef = 1BD244DA1AC1ADFB00ED0449 /* CadastroViewController.m */; };
		1BD244DD1AC1ADFB00ED0449 /* CadastroViewController.xib in Resources */ = {isa = PBXBuildFile; fileRef = 1BD244DB1AC1ADFB00ED0449 /* CadastroViewController.xib */; };
/* End PBXBuildFile section */

/* Begin PBXContainerItemProxy section */
		1BD244CA1AC1ADCD00ED0449 /* PBXContainerItemProxy */ = {
			isa = PBXContainerItemProxy;
			containerPortal = 1BD244AE1AC1ADCD00ED0449 /* Project object */;
			proxyType = 1;
			remoteGlobalIDString = 1BD244B51AC1ADCD00ED0449;
			remoteInfo = CadastroUsuario;
		};
/* End PBXContainerItemProxy section */

/* Begin PBXFileReference section */
		1BD244B61AC1ADCD00ED0449 /* CadastroUsuario.app */ = {isa = PBXFileReference; explicitFileType = wrapper.application; includeInIndex = 0; path = CadastroUsuario.app; sourceTree = BUILT_PRODUCTS_DIR; };
		1BD244BA1AC1ADCD00ED0449 /* Info.plist */ = {isa = PBXFileReference; lastKnownFileType = text.plist.xml; path = Info.plist; sourceTree = "<group>"; };
		1BD244BB1AC1ADCD00ED0449 /* main.m */ = {isa = PBXFileReference; lastKnownFileType = sourcecode.c.objc; path = main.m; sourceTree = "<group>"; };
		1BD244BD1AC1ADCD00ED0449 /* AppDelegate.h */ = {isa = PBXFileReference; lastKnownFileType = sourcecode.c.h; path = AppDelegate.h; sourceTree = "<group>"; };
		1BD244BE1AC1ADCD00ED0449 /* AppDelegate.m */ = {isa = PBXFileReference; lastKnownFileType = sourcecode.c.objc; path = AppDelegate.m; sourceTree = "<group>"; };
		1BD244C01AC1ADCD00ED0449 /* Images.xcassets */ = {isa = PBXFileReference; lastKnownFileType = folder.assetcatalog; path = Images.xcassets; sourceTree = "<group>"; };
		1BD244C31AC1ADCD00ED0449 /* Base */ = {isa = PBXFileReference; lastKnownFileType = file.xib; name = Base; path = Base.lproj/LaunchScreen.xib; sourceTree = "<group>"; };
		1BD244C91AC1ADCD00ED0449 /* CadastroUsuarioTests.xctest */ = {isa = PBXFileReference; explicitFileType = wrapper.cfbundle; includeInIndex = 0; path = CadastroUsuarioTests.xctest; sourceTree = BUILT_PRODUCTS_DIR; };
		1BD244CE1AC1ADCD00ED0449 /* Info.plist */ = {isa = PBXFileReference; lastKnownFileType = text.plist.xml; path = Info.plist; sourceTree = "<group>"; };
		1BD244CF1AC1ADCD00ED0449 /* CadastroUsuarioTests.m */ = {isa = PBXFileReference; lastKnownFileType = sourcecode.c.objc; path = CadastroUsuarioTests.m; sourceTree = "<group>"; };
		1BD244D91AC1ADFB00ED0449 /* CadastroViewController.h */ = {isa = PBXFileReference; fileEncoding = 4; lastKnownFileType = sourcecode.c.h; path = CadastroViewController.h; sourceTree = "<group>"; };
		1BD244DA1AC1ADFB00ED0449 /* CadastroViewController.m */ = {isa = PBXFileReference; fileEncoding = 4; lastKnownFileType = sourcecode.c.objc; path = CadastroViewController.m; sourceTree = "<group>"; };
		1BD244DB1AC1ADFB00ED0449 /* CadastroViewController.xib */ = {isa = PBXFileReference; fileEncoding = 4; lastKnownFileType = file.xib; path = CadastroViewController.xib; sourceTree = "<group>"; };
/* End PBXFileReference section */

/* Begin PBXFrameworksBuildPhase section */
		1BD244B31AC1ADCD00ED0449 /* Frameworks */ = {
			isa = PBXFrameworksBuildPhase;
			buildActionMask = 2147483647;
			files = (
			);
			runOnlyForDeploymentPostprocessing = 0;
		};
		1BD244C61AC1ADCD00ED0449 /* Frameworks */ = {
			isa = PBXFrameworksBuildPhase;
			buildActionMask = 2147483647;
			files = (
			);
			runOnlyForDeploymentPostprocessing = 0;
		};
/* End PBXFrameworksBuildPhase section */

/* Begin PBXGroup section */
		1BD244AD1AC1ADCD00ED0449 = {
			isa = PBXGroup;
			children = (
				1BD244D91AC1ADFB00ED0449 /* CadastroViewController.h */,
				1BD244DA1AC1ADFB00ED0449 /* CadastroViewController.m */,
				1BD244DB1AC1ADFB00ED0449 /* CadastroViewController.xib */,
				1BD244B81AC1ADCD00ED0449 /* CadastroUsuario */,
				1BD244CC1AC1ADCD00ED0449 /* CadastroUsuarioTests */,
				1BD244B71AC1ADCD00ED0449 /* Products */,
			);
			sourceTree = "<group>";
		};
		1BD244B71AC1ADCD00ED0449 /* Products */ = {
			isa = PBXGroup;
			children = (
				1BD244B61AC1ADCD00ED0449 /* CadastroUsuario.app */,
				1BD244C91AC1ADCD00ED0449 /* CadastroUsuarioTests.xctest */,
			);
			name = Products;
			sourceTree = "<group>";
		};
		1BD244B81AC1ADCD00ED0449 /* CadastroUsuario */ = {
			isa = PBXGroup;
			children = (
				1BD244BD1AC1ADCD00ED0449 /* AppDelegate.h */,
				1BD244BE1AC1ADCD00ED0449 /* AppDelegate.m */,
				1BD244C01AC1ADCD00ED0449 /* Images.xcassets */,
				1BD244C21AC1ADCD00ED0449 /* LaunchScreen.xib */,
				1BD244B91AC1ADCD00ED0449 /* Supporting Files */,
			);
			path = CadastroUsuario;
			sourceTree = "<group>";
		};
		1BD244B91AC1ADCD00ED0449 /* Supporting Files */ = {
			isa = PBXGroup;
			children = (
				1BD244BA1AC1ADCD00ED0449 /* Info.plist */,
				1BD244BB1AC1ADCD00ED0449 /* main.m */,
			);
			name = "Supporting Files";
			sourceTree = "<group>";
		};
		1BD244CC1AC1ADCD00ED0449 /* CadastroUsuarioTests */ = {
			isa = PBXGroup;
			children = (
				1BD244CF1AC1ADCD00ED0449 /* CadastroUsuarioTests.m */,
				1BD244CD1AC1ADCD00ED0449 /* Supporting Files */,
			);
			path = CadastroUsuarioTests;
			sourceTree = "<group>";
		};
		1BD244CD1AC1ADCD00ED0449 /* Supporting Files */ = {
			isa = PBXGroup;
			children = (
				1BD244CE1AC1ADCD00ED0449 /* Info.plist */,
			);
			name = "Supporting Files";
			sourceTree = "<group>";
		};
/* End PBXGroup section */

/* Begin PBXNativeTarget section */
		1BD244B51AC1ADCD00ED0449 /* CadastroUsuario */ = {
			isa = PBXNativeTarget;
			buildConfigurationList = 1BD244D31AC1ADCD00ED0449 /* Build configuration list for PBXNativeTarget "CadastroUsuario" */;
			buildPhases = (
				1BD244B21AC1ADCD00ED0449 /* Sources */,
				1BD244B31AC1ADCD00ED0449 /* Frameworks */,
				1BD244B41AC1ADCD00ED0449 /* Resources */,
			);
			buildRules = (
			);
			dependencies = (
			);
			name = CadastroUsuario;
			productName = CadastroUsuario;
			productReference = 1BD244B61AC1ADCD00ED0449 /* CadastroUsuario.app */;
			productType = "com.apple.product-type.application";
		};
		1BD244C81AC1ADCD00ED0449 /* CadastroUsuarioTests */ = {
			isa = PBXNativeTarget;
			buildConfigurationList = 1BD244D61AC1ADCD00ED0449 /* Build configuration list for PBXNativeTarget "CadastroUsuarioTests" */;
			buildPhases = (
				1BD244C51AC1ADCD00ED0449 /* Sources */,
				1BD244C61AC1ADCD00ED0449 /* Frameworks */,
				1BD244C71AC1ADCD00ED0449 /* Resources */,
			);
			buildRules = (
			);
			dependencies = (
				1BD244CB1AC1ADCD00ED0449 /* PBXTargetDependency */,
			);
			name = CadastroUsuarioTests;
			productName = CadastroUsuarioTests;
			productReference = 1BD244C91AC1ADCD00ED0449 /* CadastroUsuarioTests.xctest */;
			productType = "com.apple.product-type.bundle.unit-test";
		};
/* End PBXNativeTarget section */

/* Begin PBXProject section */
		1BD244AE1AC1ADCD00ED0449 /* Project object */ = {
			isa = PBXProject;
			attributes = {
				LastUpgradeCheck = 0620;
				ORGANIZATIONNAME = "Big Nerd Ranch";
				TargetAttributes = {
					1BD244B51AC1ADCD00ED0449 = {
						CreatedOnToolsVersion = 6.2;
					};
					1BD244C81AC1ADCD00ED0449 = {
						CreatedOnToolsVersion = 6.2;
						TestTargetID = 1BD244B51AC1ADCD00ED0449;
					};
				};
			};
			buildConfigurationList = 1BD244B11AC1ADCD00ED0449 /* Build configuration list for PBXProject "CadastroUsuario" */;
			compatibilityVersion = "Xcode 3.2";
			developmentRegion = English;
			hasScannedForEncodings = 0;
			knownRegions = (
				en,
				Base,
			);
			mainGroup = 1BD244AD1AC1ADCD00ED0449;
			productRefGroup = 1BD244B71AC1ADCD00ED0449 /* Products */;
			projectDirPath = "";
			projectRoot = "";
			targets = (
				1BD244B51AC1ADCD00ED0449 /* CadastroUsuario */,
				1BD244C81AC1ADCD00ED0449 /* CadastroUsuarioTests */,
			);
		};
/* End PBXProject section */

/* Begin PBXResourcesBuildPhase section */
		1BD244B41AC1ADCD00ED0449 /* Resources */ = {
			isa = PBXResourcesBuildPhase;
			buildActionMask = 2147483647;
			files = (
				1BD244DD1AC1ADFB00ED0449 /* CadastroViewController.xib in Resources */,
				1BD244C41AC1ADCD00ED0449 /* LaunchScreen.xib in Resources */,
				1BD244C11AC1ADCD00ED0449 /* Images.xcassets in Resources */,
			);
			runOnlyForDeploymentPostprocessing = 0;
		};
		1BD244C71AC1ADCD00ED0449 /* Resources */ = {
			isa = PBXResourcesBuildPhase;
			buildActionMask = 2147483647;
			files = (
			);
			runOnlyForDeploymentPostprocessing = 0;
		};
/* End PBXResourcesBuildPhase section */

/* Begin PBXSourcesBuildPhase section */
		1BD244B21AC1ADCD00ED0449 /* Sources */ = {
			isa = PBXSourcesBuildPhase;
			buildActionMask = 2147483647;
			files = (
				1BD244BF1AC1ADCD00ED0449 /* AppDelegate.m in Sources */,
				1BD244DC1AC1ADFB00ED0449 /* CadastroViewController.m in Sources */,
				1BD244BC1AC1ADCD00ED0449 /* main.m in Sources */,
			);
			runOnlyForDeploymentPostprocessing = 0;
		};
		1BD244C51AC1ADCD00ED0449 /* Sources */ = {
			isa = PBXSourcesBuildPhase;
			buildActionMask = 2147483647;
			files = (
				1BD244D01AC1ADCD00ED0449 /* CadastroUsuarioTests.m in Sources */,
			);
			runOnlyForDeploymentPostprocessing = 0;
		};
/* End PBXSourcesBuildPhase section */

/* Begin PBXTargetDependency section */
		1BD244CB1AC1ADCD00ED0449 /* PBXTargetDependency */ = {
			isa = PBXTargetDependency;
			target = 1BD244B51AC1ADCD00ED0449 /* CadastroUsuario */;
			targetProxy = 1BD244CA1AC1ADCD00ED0449 /* PBXContainerItemProxy */;
		};
/* End PBXTargetDependency section */

/* Begin PBXVariantGroup section */
		1BD244C21AC1ADCD00ED0449 /* LaunchScreen.xib */ = {
			isa = PBXVariantGroup;
			children = (
				1BD244C31AC1ADCD00ED0449 /* Base */,
			);
			name = LaunchScreen.xib;
			sourceTree = "<group>";
		};
/* End PBXVariantGroup section */

/* Begin XCBuildConfiguration section */
		1BD244D11AC1ADCD00ED0449 /* Debug */ = {
			isa = XCBuildConfiguration;
			buildSettings = {
				ALWAYS_SEARCH_USER_PATHS = NO;
				CLANG_CXX_LANGUAGE_STANDARD = "gnu++0x";
				CLANG_CXX_LIBRARY = "libc++";
				CLANG_ENABLE_MODULES = YES;
				CLANG_ENABLE_OBJC_ARC = YES;
				CLANG_WARN_BOOL_CONVERSION = YES;
				CLANG_WARN_CONSTANT_CONVERSION = YES;
				CLANG_WARN_DIRECT_OBJC_ISA_USAGE = YES_ERROR;
				CLANG_WARN_EMPTY_BODY = YES;
				CLANG_WARN_ENUM_CONVERSION = YES;
				CLANG_WARN_INT_CONVERSION = YES;
				CLANG_WARN_OBJC_ROOT_CLASS = YES_ERROR;
				CLANG_WARN_UNREACHABLE_CODE = YES;
				CLANG_WARN__DUPLICATE_METHOD_MATCH = YES;
				"CODE_SIGN_IDENTITY[sdk=iphoneos*]" = "iPhone Developer";
				COPY_PHASE_STRIP = NO;
				ENABLE_STRICT_OBJC_MSGSEND = YES;
				GCC_C_LANGUAGE_STANDARD = gnu99;
				GCC_DYNAMIC_NO_PIC = NO;
				GCC_OPTIMIZATION_LEVEL = 0;
				GCC_PREPROCESSOR_DEFINITIONS = (
					"DEBUG=1",
					"$(inherited)",
				);
				GCC_SYMBOLS_PRIVATE_EXTERN = NO;
				GCC_WARN_64_TO_32_BIT_CONVERSION = YES;
				GCC_WARN_ABOUT_RETURN_TYPE = YES_ERROR;
				GCC_WARN_UNDECLARED_SELECTOR = YES;
				GCC_WARN_UNINITIALIZED_AUTOS = YES_AGGRESSIVE;
				GCC_WARN_UNUSED_FUNCTION = YES;
				GCC_WARN_UNUSED_VARIABLE = YES;
				IPHONEOS_DEPLOYMENT_TARGET = 8.2;
				MTL_ENABLE_DEBUG_INFO = YES;
				ONLY_ACTIVE_ARCH = YES;
				SDKROOT = iphoneos;
			};
			name = Debug;
		};
		1BD244D21AC1ADCD00ED0449 /* Release */ = {
			isa = XCBuildConfiguration;
			buildSettings = {
				ALWAYS_SEARCH_USER_PATHS = NO;
				CLANG_CXX_LANGUAGE_STANDARD = "gnu++0x";
				CLANG_CXX_LIBRARY = "libc++";
				CLANG_ENABLE_MODULES = YES;
				CLANG_ENABLE_OBJC_ARC = YES;
				CLANG_WARN_BOOL_CONVERSION = YES;
				CLANG_WARN_CONSTANT_CONVERSION = YES;
				CLANG_WARN_DIRECT_OBJC_ISA_USAGE = YES_ERROR;
				CLANG_WARN_EMPTY_BODY = YES;
				CLANG_WARN_ENUM_CONVERSION = YES;
				CLANG_WARN_INT_CONVERSION = YES;
				CLANG_WARN_OBJC_ROOT_CLASS = YES_ERROR;
				CLANG_WARN_UNREACHABLE_CODE = YES;
				CLANG_WARN__DUPLICATE_METHOD_MATCH = YES;
				"CODE_SIGN_IDENTITY[sdk=iphoneos*]" = "iPhone Developer";
				COPY_PHASE_STRIP = NO;
				ENABLE_NS_ASSERTIONS = NO;
				ENABLE_STRICT_OBJC_MSGSEND = YES;
				GCC_C_LANGUAGE_STANDARD = gnu99;
				GCC_WARN_64_TO_32_BIT_CONVERSION = YES;
				GCC_WARN_ABOUT_RETURN_TYPE = YES_ERROR;
				GCC_WARN_UNDECLARED_SELECTOR = YES;
				GCC_WARN_UNINITIALIZED_AUTOS = YES_AGGRESSIVE;
				GCC_WARN_UNUSED_FUNCTION = YES;
				GCC_WARN_UNUSED_VARIABLE = YES;
				IPHONEOS_DEPLOYMENT_TARGET = 8.2;
				MTL_ENABLE_DEBUG_INFO = NO;
				SDKROOT = iphoneos;
				VALIDATE_PRODUCT = YES;
			};
			name = Release;
		};
		1BD244D41AC1ADCD00ED0449 /* Debug */ = {
			isa = XCBuildConfiguration;
			buildSettings = {
				ASSETCATALOG_COMPILER_APPICON_NAME = AppIcon;
				INFOPLIST_FILE = CadastroUsuario/Info.plist;
				LD_RUNPATH_SEARCH_PATHS = "$(inherited) @executable_path/Frameworks";
				PRODUCT_NAME = "$(TARGET_NAME)";
			};
			name = Debug;
		};
		1BD244D51AC1ADCD00ED0449 /* Release */ = {
			isa = XCBuildConfiguration;
			buildSettings = {
				ASSETCATALOG_COMPILER_APPICON_NAME = AppIcon;
				INFOPLIST_FILE = CadastroUsuario/Info.plist;
				LD_RUNPATH_SEARCH_PATHS = "$(inherited) @executable_path/Frameworks";
				PRODUCT_NAME = "$(TARGET_NAME)";
			};
			name = Release;
		};
		1BD244D71AC1ADCD00ED0449 /* Debug */ = {
			isa = XCBuildConfiguration;
			buildSettings = {
				BUNDLE_LOADER = "$(TEST_HOST)";
				FRAMEWORK_SEARCH_PATHS = (
					"$(SDKROOT)/Developer/Library/Frameworks",
					"$(inherited)",
				);
				GCC_PREPROCESSOR_DEFINITIONS = (
					"DEBUG=1",
					"$(inherited)",
				);
				INFOPLIST_FILE = CadastroUsuarioTests/Info.plist;
				LD_RUNPATH_SEARCH_PATHS = "$(inherited) @executable_path/Frameworks @loader_path/Frameworks";
				PRODUCT_NAME = "$(TARGET_NAME)";
				TEST_HOST = "$(BUILT_PRODUCTS_DIR)/CadastroUsuario.app/CadastroUsuario";
			};
			name = Debug;
		};
		1BD244D81AC1ADCD00ED0449 /* Release */ = {
			isa = XCBuildConfiguration;
			buildSettings = {
				BUNDLE_LOADER = "$(TEST_HOST)";
				FRAMEWORK_SEARCH_PATHS = (
					"$(SDKROOT)/Developer/Library/Frameworks",
					"$(inherited)",
				);
				INFOPLIST_FILE = CadastroUsuarioTests/Info.plist;
				LD_RUNPATH_SEARCH_PATHS = "$(inherited) @executable_path/Frameworks @loader_path/Frameworks";
				PRODUCT_NAME = "$(TARGET_NAME)";
				TEST_HOST = "$(BUILT_PRODUCTS_DIR)/CadastroUsuario.app/CadastroUsuario";
			};
			name = Release;
		};
/* End XCBuildConfiguration section */

/* Begin XCConfigurationList section */
		1BD244B11AC1ADCD00ED0449 /* Build configuration list for PBXProject "CadastroUsuario" */ = {
			isa = XCConfigurationList;
			buildConfigurations = (
				1BD244D11AC1ADCD00ED0449 /* Debug */,
				1BD244D21AC1ADCD00ED0449 /* Release */,
			);
			defaultConfigurationIsVisible = 0;
			defaultConfigurationName = Release;
		};
		1BD244D31AC1ADCD00ED0449 /* Build configuration list for PBXNativeTarget "CadastroUsuario" */ = {
			isa = XCConfigurationList;
			buildConfigurations = (
				1BD244D41AC1ADCD00ED0449 /* Debug */,
				1BD244D51AC1ADCD00ED0449 /* Release */,
			);
			defaultConfigurationIsVisible = 0;
		};
		1BD244D61AC1ADCD00ED0449 /* Build configuration list for PBXNativeTarget "CadastroUsuarioTests" */ = {
			isa = XCConfigurationList;
			buildConfigurations = (
				1BD244D71AC1ADCD00ED0449 /* Debug */,
				1BD244D81AC1ADCD00ED0449 /* Release */,
			);
			defaultConfigurationIsVisible = 0;
		};
/* End XCConfigurationList section */
	};
	rootObject = 1BD244AE1AC1ADCD00ED0449 /* Project object */;
}
